
Microsoft Visual Studio Solution File, Format Version 12.00
# Visual Studio 15
VisualStudioVersion = 15.0.27703.2042
MinimumVisualStudioVersion = 10.0.40219.1
Project("{9A19103F-16F7-4668-BE54-9A1E7A4F7556}") = "HslHomepage", "HslHomepage\HslHomepage.csproj", "{67721CD4-DC7A-4E07-958F-9521FC1195DF}"
EndProject
Global
	GlobalSection(SolutionConfigurationPlatforms) = preSolution
		Debug|Any CPU = Debug|Any CPU
		Release|Any CPU = Release|Any CPU
	EndGlobalSection
	GlobalSection(ProjectConfigurationPlatforms) = postSolution
		{67721CD4-DC7A-4E07-958F-9521FC1195DF}.Debug|Any CPU.ActiveCfg = Debug|Any CPU
		{67721CD4-DC7A-4E07-958F-9521FC1195DF}.Debug|Any CPU.Build.0 = Debug|Any CPU
		{67721CD4-DC7A-4E07-958F-9521FC1195DF}.Release|Any CPU.ActiveCfg = Release|Any CPU
		{67721CD4-DC7A-4E07-958F-9521FC1195DF}.Release|Any CPU.Build.0 = Release|Any CPU
	EndGlobalSection
	GlobalSection(SolutionProperties) = preSolution
		HideSolutionNode = FALSE
	EndGlobalSection
	GlobalSection(ExtensibilityGlobals) = postSolution
		SolutionGuid = {C5B392DE-1868-4D88-866E-080810FA6766}
	EndGlobalSection
EndGlobal
